# This file was autogenerated by Stack.
# You should not edit this file by hand.
# For more information, please see the documentation at:
#   https://docs.haskellstack.org/en/stable/lock_files

packages:
- completed:
    hackage: containers-0.6.2.1@sha256:550b39286f70c39402a21e61f0f8a8b19e0f2b9270197d8524b8f3cbe4f43ee1,2561
    pantry-tree:
      sha256: 0463a6f54ce2fcddb0def77c78a013a982f84aa88c923ab1f6ffe3c51aaa0775
      size: 2823
  original:
    hackage: containers-0.6.2.1
- completed:
    hackage: time-1.9.3@sha256:8f1b5448722a12a952248b356c9eb366e351226543d9086a2da71270522d5f45,5679
    pantry-tree:
      sha256: a1043c1719491764f0fa37a1fd70d9451080548a41632fee88d8e1b8db4942d6
      size: 6558
  original:
    hackage: time-1.9.3
- completed:
    hackage: random-1.2.0@sha256:195506fedaa7c31c1fa2a747e9b49b4a5d1f0b09dd8f1291f23a771656faeec3,6097
    pantry-tree:
      sha256: 77505a2919b4d1d84abc36c995046f661741251e58a592ed826b7c1aee1c044c
      size: 1259
  original:
    hackage: random-1.2.0
snapshots:
- completed:
    sha256: d7d8d5106e53d1669964bd8bd2b0f88a5ad192d772f5376384b76738fd992311
    size: 567037
    url: https://raw.githubusercontent.com/commercialhaskell/stackage-snapshots/master/lts/17/9.yaml
  original:
    url: https://raw.githubusercontent.com/commercialhaskell/stackage-snapshots/master/lts/17/9.yaml
